
Microsoft Visual Studio Solution File, Format Version 12.00
# Visual Studio Version 16
VisualStudioVersion = 16.0.29806.167
MinimumVisualStudioVersion = 10.0.40219.1
Project("{FAE04EC0-301F-11D3-BF4B-00C04F79EFBC}") = "A_loop", "A_loop\A_loop.csproj", "{1DB4D2D3-7B16-40BF-8472-A619BB030C6C}"
EndProject
Global
	GlobalSection(SolutionConfigurationPlatforms) = preSolution
		Debug|Any CPU = Debug|Any CPU
		Release|Any CPU = Release|Any CPU
	EndGlobalSection
	GlobalSection(ProjectConfigurationPlatforms) = postSolution
		{1DB4D2D3-7B16-40BF-8472-A619BB030C6C}.Debug|Any CPU.ActiveCfg = Debug|Any CPU
		{1DB4D2D3-7B16-40BF-8472-A619BB030C6C}.Debug|Any CPU.Build.0 = Debug|Any CPU
		{1DB4D2D3-7B16-40BF-8472-A619BB030C6C}.Release|Any CPU.ActiveCfg = Release|Any CPU
		{1DB4D2D3-7B16-40BF-8472-A619BB030C6C}.Release|Any CPU.Build.0 = Release|Any CPU
	EndGlobalSection
	GlobalSection(SolutionProperties) = preSolution
		HideSolutionNode = FALSE
	EndGlobalSection
	GlobalSection(ExtensibilityGlobals) = postSolution
		SolutionGuid = {611DEE3C-CB06-4904-B011-8264AA63253B}
	EndGlobalSection
EndGlobal
